// !$*UTF8*$!
{
	archiveVersion = 1;
	classes = {
	};
	objectVersion = 51;
	objects = {

/* Begin PBXBuildFile section */
		062E0B2B23E15989004C649D /* AppDelegate.swift in Sources */ = {isa = PBXBuildFile; fileRef = 062E0B2A23E15989004C649D /* AppDelegate.swift */; };
		062E0B2D23E15989004C649D /* SceneDelegate.swift in Sources */ = {isa = PBXBuildFile; fileRef = 062E0B2C23E15989004C649D /* SceneDelegate.swift */; };
		062E0B2F23E15989004C649D /* ViewController.swift in Sources */ = {isa = PBXBuildFile; fileRef = 062E0B2E23E15989004C649D /* ViewController.swift */; };
		062E0B3223E15989004C649D /* Main.storyboard in Resources */ = {isa = PBXBuildFile; fileRef = 062E0B3023E15989004C649D /* Main.storyboard */; };
		062E0B3423E1598A004C649D /* Assets.xcassets in Resources */ = {isa = PBXBuildFile; fileRef = 062E0B3323E1598A004C649D /* Assets.xcassets */; };
		062E0B3723E1598A004C649D /* LaunchScreen.storyboard in Resources */ = {isa = PBXBuildFile; fileRef = 062E0B3523E1598A004C649D /* LaunchScreen.storyboard */; };
		CBA75838ED1DDA2CDD6B2F7A /* Pods_iNaviSystemsProject.framework in Frameworks */ = {isa = PBXBuildFile; fileRef = C7A1147AFBAEC283E6778438 /* Pods_iNaviSystemsProject.framework */; };
/* End PBXBuildFile section */

/* Begin PBXFileReference section */
		062E0B2723E15989004C649D /* iNaviSystemsProject.app */ = {isa = PBXFileReference; explicitFileType = wrapper.application; includeInIndex = 0; path = iNaviSystemsProject.app; sourceTree = BUILT_PRODUCTS_DIR; };
		062E0B2A23E15989004C649D /* AppDelegate.swift */ = {isa = PBXFileReference; lastKnownFileType = sourcecode.swift; path = AppDelegate.swift; sourceTree = "<group>"; };
		062E0B2C23E15989004C649D /* SceneDelegate.swift */ = {isa = PBXFileReference; lastKnownFileType = sourcecode.swift; path = SceneDelegate.swift; sourceTree = "<group>"; };
		062E0B2E23E15989004C649D /* ViewController.swift */ = {isa = PBXFileReference; lastKnownFileType = sourcecode.swift; path = ViewController.swift; sourceTree = "<group>"; };
		062E0B3123E15989004C649D /* Base */ = {isa = PBXFileReference; lastKnownFileType = file.storyboard; name = Base; path = Base.lproj/Main.storyboard; sourceTree = "<group>"; };
		062E0B3323E1598A004C649D /* Assets.xcassets */ = {isa = PBXFileReference; lastKnownFileType = folder.assetcatalog; path = Assets.xcassets; sourceTree = "<group>"; };
		062E0B3623E1598A004C649D /* Base */ = {isa = PBXFileReference; lastKnownFileType = file.storyboard; name = Base; path = Base.lproj/LaunchScreen.storyboard; sourceTree = "<group>"; };
		062E0B3823E1598A004C649D /* Info.plist */ = {isa = PBXFileReference; lastKnownFileType = text.plist.xml; path = Info.plist; sourceTree = "<group>"; };
		548BE14F1E49B9AE855BD6C4 /* Pods-iNaviSystemsProject.debug.xcconfig */ = {isa = PBXFileReference; includeInIndex = 1; lastKnownFileType = text.xcconfig; name = "Pods-iNaviSystemsProject.debug.xcconfig"; path = "Target Support Files/Pods-iNaviSystemsProject/Pods-iNaviSystemsProject.debug.xcconfig"; sourceTree = "<group>"; };
		6C2EAAAF0FE13A013B5F777B /* Pods-iNaviSystemsProject.release.xcconfig */ = {isa = PBXFileReference; includeInIndex = 1; lastKnownFileType = text.xcconfig; name = "Pods-iNaviSystemsProject.release.xcconfig"; path = "Target Support Files/Pods-iNaviSystemsProject/Pods-iNaviSystemsProject.release.xcconfig"; sourceTree = "<group>"; };
		C7A1147AFBAEC283E6778438 /* Pods_iNaviSystemsProject.framework */ = {isa = PBXFileReference; explicitFileType = wrapper.framework; includeInIndex = 0; path = Pods_iNaviSystemsProject.framework; sourceTree = BUILT_PRODUCTS_DIR; };
/* End PBXFileReference section */

/* Begin PBXFrameworksBuildPhase section */
		062E0B2423E15989004C649D /* Frameworks */ = {
			isa = PBXFrameworksBuildPhase;
			buildActionMask = 2147483647;
			files = (
				CBA75838ED1DDA2CDD6B2F7A /* Pods_iNaviSystemsProject.framework in Frameworks */,
			);
			runOnlyForDeploymentPostprocessing = 0;
		};
/* End PBXFrameworksBuildPhase section */

/* Begin PBXGroup section */
		062E0B1E23E15989004C649D = {
			isa = PBXGroup;
			children = (
				062E0B2923E15989004C649D /* iNaviSystemsProject */,
				062E0B2823E15989004C649D /* Products */,
				29CD710EF928CD8929A04160 /* Pods */,
				D2D153582984010F24ACFA74 /* Frameworks */,
			);
			sourceTree = "<group>";
		};
		062E0B2823E15989004C649D /* Products */ = {
			isa = PBXGroup;
			children = (
				062E0B2723E15989004C649D /* iNaviSystemsProject.app */,
			);
			name = Products;
			sourceTree = "<group>";
		};
		062E0B2923E15989004C649D /* iNaviSystemsProject */ = {
			isa = PBXGroup;
			children = (
				062E0B2A23E15989004C649D /* AppDelegate.swift */,
				062E0B2C23E15989004C649D /* SceneDelegate.swift */,
				062E0B2E23E15989004C649D /* ViewController.swift */,
				062E0B3023E15989004C649D /* Main.storyboard */,
				062E0B3323E1598A004C649D /* Assets.xcassets */,
				062E0B3523E1598A004C649D /* LaunchScreen.storyboard */,
				062E0B3823E1598A004C649D /* Info.plist */,
			);
			path = iNaviSystemsProject;
			sourceTree = "<group>";
		};
		29CD710EF928CD8929A04160 /* Pods */ = {
			isa = PBXGroup;
			children = (
				548BE14F1E49B9AE855BD6C4 /* Pods-iNaviSystemsProject.debug.xcconfig */,
				6C2EAAAF0FE13A013B5F777B /* Pods-iNaviSystemsProject.release.xcconfig */,
			);
			path = Pods;
			sourceTree = "<group>";
		};
		D2D153582984010F24ACFA74 /* Frameworks */ = {
			isa = PBXGroup;
			children = (
				C7A1147AFBAEC283E6778438 /* Pods_iNaviSystemsProject.framework */,
			);
			name = Frameworks;
			sourceTree = "<group>";
		};
/* End PBXGroup section */

/* Begin PBXNativeTarget section */
		062E0B2623E15989004C649D /* iNaviSystemsProject */ = {
			isa = PBXNativeTarget;
			buildConfigurationList = 062E0B3B23E1598A004C649D /* Build configuration list for PBXNativeTarget "iNaviSystemsProject" */;
			buildPhases = (
				0BF6AFEA6807C1FE625A7AFA /* [CP] Check Pods Manifest.lock */,
				062E0B2323E15989004C649D /* Sources */,
				062E0B2423E15989004C649D /* Frameworks */,
				062E0B2523E15989004C649D /* Resources */,
				1C1DFC317A3E7A8CF4D07FF5 /* [CP] Copy Pods Resources */,
			);
			buildRules = (
			);
			dependencies = (
			);
			name = iNaviSystemsProject;
			productName = iNaviSystemsProject;
			productReference = 062E0B2723E15989004C649D /* iNaviSystemsProject.app */;
			productType = "com.apple.product-type.application";
		};
/* End PBXNativeTarget section */

/* Begin PBXProject section */
		062E0B1F23E15989004C649D /* Project object */ = {
			isa = PBXProject;
			attributes = {
				LastSwiftUpdateCheck = 1130;
				LastUpgradeCheck = 1130;
				ORGANIZATIONNAME = yoon;
				TargetAttributes = {
					062E0B2623E15989004C649D = {
						CreatedOnToolsVersion = 11.3.1;
					};
				};
			};
			buildConfigurationList = 062E0B2223E15989004C649D /* Build configuration list for PBXProject "iNaviSystemsProject" */;
			compatibilityVersion = "Xcode 9.3";
			developmentRegion = en;
			hasScannedForEncodings = 0;
			knownRegions = (
				en,
				Base,
			);
			mainGroup = 062E0B1E23E15989004C649D;
			productRefGroup = 062E0B2823E15989004C649D /* Products */;
			projectDirPath = "";
			projectRoot = "";
			targets = (
				062E0B2623E15989004C649D /* iNaviSystemsProject */,
			);
		};
/* End PBXProject section */

/* Begin PBXResourcesBuildPhase section */
		062E0B2523E15989004C649D /* Resources */ = {
			isa = PBXResourcesBuildPhase;
			buildActionMask = 2147483647;
			files = (
				062E0B3723E1598A004C649D /* LaunchScreen.storyboard in Resources */,
				062E0B3423E1598A004C649D /* Assets.xcassets in Resources */,
				062E0B3223E15989004C649D /* Main.storyboard in Resources */,
			);
			runOnlyForDeploymentPostprocessing = 0;
		};
/* End PBXResourcesBuildPhase section */

/* Begin PBXShellScriptBuildPhase section */
		0BF6AFEA6807C1FE625A7AFA /* [CP] Check Pods Manifest.lock */ = {
			isa = PBXShellScriptBuildPhase;
			buildActionMask = 2147483647;
			files = (
			);
			inputFileListPaths = (
			);
			inputPaths = (
				"${PODS_PODFILE_DIR_PATH}/Podfile.lock",
				"${PODS_ROOT}/Manifest.lock",
			);
			name = "[CP] Check Pods Manifest.lock";
			outputFileListPaths = (
			);
			outputPaths = (
				"$(DERIVED_FILE_DIR)/Pods-iNaviSystemsProject-checkManifestLockResult.txt",
			);
			runOnlyForDeploymentPostprocessing = 0;
			shellPath = /bin/sh;
			shellScript = "diff \"${PODS_PODFILE_DIR_PATH}/Podfile.lock\" \"${PODS_ROOT}/Manifest.lock\" > /dev/null\nif [ $? != 0 ] ; then\n    # print error to STDERR\n    echo \"error: The sandbox is not in sync with the Podfile.lock. Run 'pod install' or update your CocoaPods installation.\" >&2\n    exit 1\nfi\n# This output is used by Xcode 'outputs' to avoid re-running this script phase.\necho \"SUCCESS\" > \"${SCRIPT_OUTPUT_FILE_0}\"\n";
			showEnvVarsInLog = 0;
		};
		1C1DFC317A3E7A8CF4D07FF5 /* [CP] Copy Pods Resources */ = {
			isa = PBXShellScriptBuildPhase;
			buildActionMask = 2147483647;
			files = (
			);
			inputFileListPaths = (
				"${PODS_ROOT}/Target Support Files/Pods-iNaviSystemsProject/Pods-iNaviSystemsProject-resources-${CONFIGURATION}-input-files.xcfilelist",
			);
			name = "[CP] Copy Pods Resources";
			outputFileListPaths = (
				"${PODS_ROOT}/Target Support Files/Pods-iNaviSystemsProject/Pods-iNaviSystemsProject-resources-${CONFIGURATION}-output-files.xcfilelist",
			);
			runOnlyForDeploymentPostprocessing = 0;
			shellPath = /bin/sh;
			shellScript = "\"${PODS_ROOT}/Target Support Files/Pods-iNaviSystemsProject/Pods-iNaviSystemsProject-resources.sh\"\n";
			showEnvVarsInLog = 0;
		};
/* End PBXShellScriptBuildPhase section */

/* Begin PBXSourcesBuildPhase section */
		062E0B2323E15989004C649D /* Sources */ = {
			isa = PBXSourcesBuildPhase;
			buildActionMask = 2147483647;
			files = (
				062E0B2F23E15989004C649D /* ViewController.swift in Sources */,
				062E0B2B23E15989004C649D /* AppDelegate.swift in Sources */,
				062E0B2D23E15989004C649D /* SceneDelegate.swift in Sources */,
			);
			runOnlyForDeploymentPostprocessing = 0;
		};
/* End PBXSourcesBuildPhase section */

/* Begin PBXVariantGroup section */
		062E0B3023E15989004C649D /* Main.storyboard */ = {
			isa = PBXVariantGroup;
			children = (
				062E0B3123E15989004C649D /* Base */,
			);
			name = Main.storyboard;
			sourceTree = "<group>";
		};
		062E0B3523E1598A004C649D /* LaunchScreen.storyboard */ = {
			isa = PBXVariantGroup;
			children = (
				062E0B3623E1598A004C649D /* Base */,
			);
			name = LaunchScreen.storyboard;
			sourceTree = "<group>";
		};
/* End PBXVariantGroup section */

/* Begin XCBuildConfiguration section */
		062E0B3923E1598A004C649D /* Debug */ = {
			isa = XCBuildConfiguration;
			buildSettings = {
				ALWAYS_SEARCH_USER_PATHS = NO;
				CLANG_ANALYZER_NONNULL = YES;
				CLANG_ANALYZER_NUMBER_OBJECT_CONVERSION = YES_AGGRESSIVE;
				CLANG_CXX_LANGUAGE_STANDARD = "gnu++14";
				CLANG_CXX_LIBRARY = "libc++";
				CLANG_ENABLE_MODULES = YES;
				CLANG_ENABLE_OBJC_ARC = YES;
				CLANG_ENABLE_OBJC_WEAK = YES;
				CLANG_WARN_BLOCK_CAPTURE_AUTORELEASING = YES;
				CLANG_WARN_BOOL_CONVERSION = YES;
				CLANG_WARN_COMMA = YES;
				CLANG_WARN_CONSTANT_CONVERSION = YES;
				CLANG_WARN_DEPRECATED_OBJC_IMPLEMENTATIONS = YES;
				CLANG_WARN_DIRECT_OBJC_ISA_USAGE = YES_ERROR;
				CLANG_WARN_DOCUMENTATION_COMMENTS = YES;
				CLANG_WARN_EMPTY_BODY = YES;
				CLANG_WARN_ENUM_CONVERSION = YES;
				CLANG_WARN_INFINITE_RECURSION = YES;
				CLANG_WARN_INT_CONVERSION = YES;
				CLANG_WARN_NON_LITERAL_NULL_CONVERSION = YES;
				CLANG_WARN_OBJC_IMPLICIT_RETAIN_SELF = YES;
				CLANG_WARN_OBJC_LITERAL_CONVERSION = YES;
				CLANG_WARN_OBJC_ROOT_CLASS = YES_ERROR;
				CLANG_WARN_RANGE_LOOP_ANALYSIS = YES;
				CLANG_WARN_STRICT_PROTOTYPES = YES;
				CLANG_WARN_SUSPICIOUS_MOVE = YES;
				CLANG_WARN_UNGUARDED_AVAILABILITY = YES_AGGRESSIVE;
				CLANG_WARN_UNREACHABLE_CODE = YES;
				CLANG_WARN__DUPLICATE_METHOD_MATCH = YES;
				COPY_PHASE_STRIP = NO;
				DEBUG_INFORMATION_FORMAT = dwarf;
				ENABLE_STRICT_OBJC_MSGSEND = YES;
				ENABLE_TESTABILITY = YES;
				GCC_C_LANGUAGE_STANDARD = gnu11;
				GCC_DYNAMIC_NO_PIC = NO;
				GCC_NO_COMMON_BLOCKS = YES;
				GCC_OPTIMIZATION_LEVEL = 0;
				GCC_PREPROCESSOR_DEFINITIONS = (
					"DEBUG=1",
					"$(inherited)",
				);
				GCC_WARN_64_TO_32_BIT_CONVERSION = YES;
				GCC_WARN_ABOUT_RETURN_TYPE = YES_ERROR;
				GCC_WARN_UNDECLARED_SELECTOR = YES;
				GCC_WARN_UNINITIALIZED_AUTOS = YES_AGGRESSIVE;
				GCC_WARN_UNUSED_FUNCTION = YES;
				GCC_WARN_UNUSED_VARIABLE = YES;
				IPHONEOS_DEPLOYMENT_TARGET = 13.2;
				MTL_ENABLE_DEBUG_INFO = INCLUDE_SOURCE;
				MTL_FAST_MATH = YES;
				ONLY_ACTIVE_ARCH = YES;
				SDKROOT = iphoneos;
				SWIFT_ACTIVE_COMPILATION_CONDITIONS = DEBUG;
				SWIFT_OPTIMIZATION_LEVEL = "-Onone";
			};
			name = Debug;
		};
		062E0B3A23E1598A004C649D /* Release */ = {
			isa = XCBuildConfiguration;
			buildSettings = {
				ALWAYS_SEARCH_USER_PATHS = NO;
				CLANG_ANALYZER_NONNULL = YES;
				CLANG_ANALYZER_NUMBER_OBJECT_CONVERSION = YES_AGGRESSIVE;
				CLANG_CXX_LANGUAGE_STANDARD = "gnu++14";
				CLANG_CXX_LIBRARY = "libc++";
				CLANG_ENABLE_MODULES = YES;
				CLANG_ENABLE_OBJC_ARC = YES;
				CLANG_ENABLE_OBJC_WEAK = YES;
				CLANG_WARN_BLOCK_CAPTURE_AUTORELEASING = YES;
				CLANG_WARN_BOOL_CONVERSION = YES;
				CLANG_WARN_COMMA = YES;
				CLANG_WARN_CONSTANT_CONVERSION = YES;
				CLANG_WARN_DEPRECATED_OBJC_IMPLEMENTATIONS = YES;
				CLANG_WARN_DIRECT_OBJC_ISA_USAGE = YES_ERROR;
				CLANG_WARN_DOCUMENTATION_COMMENTS = YES;
				CLANG_WARN_EMPTY_BODY = YES;
				CLANG_WARN_ENUM_CONVERSION = YES;
				CLANG_WARN_INFINITE_RECURSION = YES;
				CLANG_WARN_INT_CONVERSION = YES;
				CLANG_WARN_NON_LITERAL_NULL_CONVERSION = YES;
				CLANG_WARN_OBJC_IMPLICIT_RETAIN_SELF = YES;
				CLANG_WARN_OBJC_LITERAL_CONVERSION = YES;
				CLANG_WARN_OBJC_ROOT_CLASS = YES_ERROR;
				CLANG_WARN_RANGE_LOOP_ANALYSIS = YES;
				CLANG_WARN_STRICT_PROTOTYPES = YES;
				CLANG_WARN_SUSPICIOUS_MOVE = YES;
				CLANG_WARN_UNGUARDED_AVAILABILITY = YES_AGGRESSIVE;
				CLANG_WARN_UNREACHABLE_CODE = YES;
				CLANG_WARN__DUPLICATE_METHOD_MATCH = YES;
				COPY_PHASE_STRIP = NO;
				DEBUG_INFORMATION_FORMAT = "dwarf-with-dsym";
				ENABLE_NS_ASSERTIONS = NO;
				ENABLE_STRICT_OBJC_MSGSEND = YES;
				GCC_C_LANGUAGE_STANDARD = gnu11;
				GCC_NO_COMMON_BLOCKS = YES;
				GCC_WARN_64_TO_32_BIT_CONVERSION = YES;
				GCC_WARN_ABOUT_RETURN_TYPE = YES_ERROR;
				GCC_WARN_UNDECLARED_SELECTOR = YES;
				GCC_WARN_UNINITIALIZED_AUTOS = YES_AGGRESSIVE;
				GCC_WARN_UNUSED_FUNCTION = YES;
				GCC_WARN_UNUSED_VARIABLE = YES;
				IPHONEOS_DEPLOYMENT_TARGET = 13.2;
				MTL_ENABLE_DEBUG_INFO = NO;
				MTL_FAST_MATH = YES;
				SDKROOT = iphoneos;
				SWIFT_COMPILATION_MODE = wholemodule;
				SWIFT_OPTIMIZATION_LEVEL = "-O";
				VALIDATE_PRODUCT = YES;
			};
			name = Release;
		};
		062E0B3C23E1598A004C649D /* Debug */ = {
			isa = XCBuildConfiguration;
			baseConfigurationReference = 548BE14F1E49B9AE855BD6C4 /* Pods-iNaviSystemsProject.debug.xcconfig */;
			buildSettings = {
				ASSETCATALOG_COMPILER_APPICON_NAME = AppIcon;
				CODE_SIGN_STYLE = Automatic;
				DEVELOPMENT_TEAM = 9P6WAX9VN5;
				INFOPLIST_FILE = iNaviSystemsProject/Info.plist;
				LD_RUNPATH_SEARCH_PATHS = (
					"$(inherited)",
					"@executable_path/Frameworks",
				);
				PRODUCT_BUNDLE_IDENTIFIER = yoon.iNaviSystemsProject;
				PRODUCT_NAME = "$(TARGET_NAME)";
				SWIFT_VERSION = 5.0;
				TARGETED_DEVICE_FAMILY = "1,2";
			};
			name = Debug;
		};
		062E0B3D23E1598A004C649D /* Release */ = {
			isa = XCBuildConfiguration;
			baseConfigurationReference = 6C2EAAAF0FE13A013B5F777B /* Pods-iNaviSystemsProject.release.xcconfig */;
			buildSettings = {
				ASSETCATALOG_COMPILER_APPICON_NAME = AppIcon;
				CODE_SIGN_STYLE = Automatic;
				DEVELOPMENT_TEAM = 9P6WAX9VN5;
				INFOPLIST_FILE = iNaviSystemsProject/Info.plist;
				LD_RUNPATH_SEARCH_PATHS = (
					"$(inherited)",
					"@executable_path/Frameworks",
				);
				PRODUCT_BUNDLE_IDENTIFIER = yoon.iNaviSystemsProject;
				PRODUCT_NAME = "$(TARGET_NAME)";
				SWIFT_VERSION = 5.0;
				TARGETED_DEVICE_FAMILY = "1,2";
			};
			name = Release;
		};
/* End XCBuildConfiguration section */

/* Begin XCConfigurationList section */
		062E0B2223E15989004C649D /* Build configuration list for PBXProject "iNaviSystemsProject" */ = {
			isa = XCConfigurationList;
			buildConfigurations = (
				062E0B3923E1598A004C649D /* Debug */,
				062E0B3A23E1598A004C649D /* Release */,
			);
			defaultConfigurationIsVisible = 0;
			defaultConfigurationName = Release;
		};
		062E0B3B23E1598A004C649D /* Build configuration list for PBXNativeTarget "iNaviSystemsProject" */ = {
			isa = XCConfigurationList;
			buildConfigurations = (
				062E0B3C23E1598A004C649D /* Debug */,
				062E0B3D23E1598A004C649D /* Release */,
			);
			defaultConfigurationIsVisible = 0;
			defaultConfigurationName = Release;
		};
/* End XCConfigurationList section */
	};
	rootObject = 062E0B1F23E15989004C649D /* Project object */;
}
